
Microsoft Visual Studio Solution File, Format Version 12.00
# Visual Studio Version 16
VisualStudioVersion = 16.0.29215.179
MinimumVisualStudioVersion = 10.0.40219.1
Project("{FAE04EC0-301F-11D3-BF4B-00C04F79EFBC}") = "MatrixTransformations", "MatrixTransformations\MatrixTransformations.csproj", "{675479F0-3E84-4C3C-9E6B-243439830368}"
EndProject
Global
	GlobalSection(SolutionConfigurationPlatforms) = preSolution
		Debug|Any CPU = Debug|Any CPU
		Release|Any CPU = Release|Any CPU
	EndGlobalSection
	GlobalSection(ProjectConfigurationPlatforms) = postSolution
		{675479F0-3E84-4C3C-9E6B-243439830368}.Debug|Any CPU.ActiveCfg = Debug|Any CPU
		{675479F0-3E84-4C3C-9E6B-243439830368}.Debug|Any CPU.Build.0 = Debug|Any CPU
		{675479F0-3E84-4C3C-9E6B-243439830368}.Release|Any CPU.ActiveCfg = Release|Any CPU
		{675479F0-3E84-4C3C-9E6B-243439830368}.Release|Any CPU.Build.0 = Release|Any CPU
	EndGlobalSection
	GlobalSection(SolutionProperties) = preSolution
		HideSolutionNode = FALSE
	EndGlobalSection
	GlobalSection(ExtensibilityGlobals) = postSolution
		SolutionGuid = {893388AD-78D9-4B2F-9C45-C271B7BA8383}
	EndGlobalSection
EndGlobal
